
Microsoft Visual Studio Solution File, Format Version 12.00
# Visual Studio Version 17
VisualStudioVersion = 17.0.31919.166
MinimumVisualStudioVersion = 10.0.40219.1
Project("{FAE04EC0-301F-11D3-BF4B-00C04F79EFBC}") = "Hecop_Encryptor", "Hecop_Encryptor\Hecop_Encryptor.csproj", "{FC011A5E-8769-4C66-8D6C-A75A88D92EB5}"
EndProject
Global
	GlobalSection(SolutionConfigurationPlatforms) = preSolution
		Debug|Any CPU = Debug|Any CPU
		Debug|x86 = Debug|x86
		Release|Any CPU = Release|Any CPU
		Release|x86 = Release|x86
	EndGlobalSection
	GlobalSection(ProjectConfigurationPlatforms) = postSolution
		{FC011A5E-8769-4C66-8D6C-A75A88D92EB5}.Debug|Any CPU.ActiveCfg = Debug|Any CPU
		{FC011A5E-8769-4C66-8D6C-A75A88D92EB5}.Debug|Any CPU.Build.0 = Debug|Any CPU
		{FC011A5E-8769-4C66-8D6C-A75A88D92EB5}.Debug|x86.ActiveCfg = Debug|x86
		{FC011A5E-8769-4C66-8D6C-A75A88D92EB5}.Debug|x86.Build.0 = Debug|x86
		{FC011A5E-8769-4C66-8D6C-A75A88D92EB5}.Release|Any CPU.ActiveCfg = Release|Any CPU
		{FC011A5E-8769-4C66-8D6C-A75A88D92EB5}.Release|Any CPU.Build.0 = Release|Any CPU
		{FC011A5E-8769-4C66-8D6C-A75A88D92EB5}.Release|x86.ActiveCfg = Release|x86
		{FC011A5E-8769-4C66-8D6C-A75A88D92EB5}.Release|x86.Build.0 = Release|x86
	EndGlobalSection
	GlobalSection(SolutionProperties) = preSolution
		HideSolutionNode = FALSE
	EndGlobalSection
	GlobalSection(ExtensibilityGlobals) = postSolution
		SolutionGuid = {A3B07F78-5D99-49B9-9393-D1E898604E91}
	EndGlobalSection
EndGlobal
